{
  "name": "organize",
  "version": "1.0.0",
  "lockfileVersion": 3,
  "requires": true,
  "packages": {
    "": {
      "name": "organize",
      "version": "1.0.0",
      "license": "ISC",
      "dependencies": {
        "exiftool-vendored": "^35.14.0",
        "fs-extra": "^11.3.4"
      }
    },
    "node_modules/@photostructure/tz-lookup": {
      "version": "11.5.0",
      "resolved": "https://registry.npmjs.org/@photostructure/tz-lookup/-/tz-lookup-11.5.0.tgz",
      "integrity": "sha512-0DVFriinZ7TeOnm9ytXeSL3NMFU87ZqMjgbPNkd8LgHFLcPg1BDyM1eewFYs+pPM+62S4fSP9Mtgijmn+6y95w==",
      "license": "CC0-1.0"
    },
    "node_modules/@types/luxon": {
      "version": "3.7.1",
      "resolved": "https://registry.npmjs.org/@types/luxon/-/luxon-3.7.1.tgz",
      "integrity": "sha512-H3iskjFIAn5SlJU7OuxUmTEpebK6TKB8rxZShDslBMZJ5u9S//KM1sbdAisiSrqwLQncVjnpi2OK2J51h+4lsg==",
      "license": "MIT"
    },
    "node_modules/batch-cluster": {
      "version": "17.3.1",
      "resolved": "https://registry.npmjs.org/batch-cluster/-/batch-cluster-17.3.1.tgz",
      "integrity": "sha512-/aWEgZKXgvEseV3WEIRyjDoFka9FTrpt5+FYCxn+giUgveGBKxWjz3cl26V3aD+1kvOBP3nmANZZfcXDmKzcAA==",
      "license": "MIT",
      "engines": {
        "node": ">=20"
      }
    },
    "node_modules/exiftool-vendored": {
      "version": "35.14.0",
      "resolved": "https://registry.npmjs.org/exiftool-vendored/-/exiftool-vendored-35.14.0.tgz",
      "integrity": "sha512-fVpixxrxk2PBHIXADlMANJexZxFtfNZWGqUN8sSz7oCPzciE8BxHuChsQ700WkUr0HE0buTxOPQ2xDv9BXuOog==",
      "license": "MIT",
      "dependencies": {
        "@photostructure/tz-lookup": "^11.5.0",
        "@types/luxon": "^3.7.1",
        "batch-cluster": "^17.3.1",
        "he": "^1.2.0",
        "luxon": "^3.7.2"
      },
      "engines": {
        "node": ">=20.0.0"
      },
      "optionalDependencies": {
        "exiftool-vendored.exe": "13.53.0",
        "exiftool-vendored.pl": "13.53.0"
      }
    },
    "node_modules/exiftool-vendored.exe": {
      "version": "13.53.0",
      "resolved": "https://registry.npmjs.org/exiftool-vendored.exe/-/exiftool-vendored.exe-13.53.0.tgz",
      "integrity": "sha512-CX8w1iVDOdt6iitqoOmUCWLYVmfBVmd59htXGpns/+CItu8LBAT9qVHdBP+Jl0abZyCcDrZf0eaLsfXb9mZOcQ==",
      "license": "MIT",
      "optional": true,
      "os": [
        "win32"
      ]
    },
    "node_modules/exiftool-vendored.pl": {
      "version": "13.53.0",
      "resolved": "https://registry.npmjs.org/exiftool-vendored.pl/-/exiftool-vendored.pl-13.53.0.tgz",
      "integrity": "sha512-D/3yJymCPeMQPtQA9Q8ou/+vvEeQcTjrNt2jT7GS2A9tE0s0NiMNVc62HaKdwm5reQXQRbPrnp56sNxWpNCHKA==",
      "license": "MIT",
      "optional": true,
      "os": [
        "!win32"
      ],
      "bin": {
        "exiftool": "bin/exiftool"
      }
    },
    "node_modules/fs-extra": {
      "version": "11.3.4",
      "resolved": "https://registry.npmjs.org/fs-extra/-/fs-extra-11.3.4.tgz",
      "integrity": "sha512-CTXd6rk/M3/ULNQj8FBqBWHYBVYybQ3VPBw0xGKFe3tuH7ytT6ACnvzpIQ3UZtB8yvUKC2cXn1a+x+5EVQLovA==",
      "license": "MIT",
      "dependencies": {
        "graceful-fs": "^4.2.0",
        "jsonfile": "^6.0.1",
        "universalify": "^2.0.0"
      },
      "engines": {
        "node": ">=14.14"
      }
    },
    "node_modules/graceful-fs": {
      "version": "4.2.11",
      "resolved": "https://registry.npmjs.org/graceful-fs/-/graceful-fs-4.2.11.tgz",
      "integrity": "sha512-RbJ5/jmFcNNCcDV5o9eTnBLJ/HszWV0P73bc+Ff4nS/rJj+YaS6IGyiOL0VoBYX+l1Wrl3k63h/KrH+nhJ0XvQ==",
      "license": "ISC"
    },
    "node_modules/he": {
      "version": "1.2.0",
      "resolved": "https://registry.npmjs.org/he/-/he-1.2.0.tgz",
      "integrity": "sha512-F/1DnUGPopORZi0ni+CvrCgHQ5FyEAHRLSApuYWMmrbSwoN2Mn/7k+Gl38gJnR7yyDZk6WLXwiGod1JOWNDKGw==",
      "license": "MIT",
      "bin": {
        "he": "bin/he"
      }
    },
    "node_modules/jsonfile": {
      "version": "6.2.0",
      "resolved": "https://registry.npmjs.org/jsonfile/-/jsonfile-6.2.0.tgz",
      "integrity": "sha512-FGuPw30AdOIUTRMC2OMRtQV+jkVj2cfPqSeWXv1NEAJ1qZ5zb1X6z1mFhbfOB/iy3ssJCD+3KuZ8r8C3uVFlAg==",
      "license": "MIT",
      "dependencies": {
        "universalify": "^2.0.0"
      },
      "optionalDependencies": {
        "graceful-fs": "^4.1.6"
      }
    },
    "node_modules/luxon": {
      "version": "3.7.2",
      "resolved": "https://registry.npmjs.org/luxon/-/luxon-3.7.2.tgz",
      "integrity": "sha512-vtEhXh/gNjI9Yg1u4jX/0YVPMvxzHuGgCm6tC5kZyb08yjGWGnqAjGJvcXbqQR2P3MyMEFnRbpcdFS6PBcLqew==",
      "license": "MIT",
      "engines": {
        "node": ">=12"
      }
    },
    "node_modules/universalify": {
      "version": "2.0.1",
      "resolved": "https://registry.npmjs.org/universalify/-/universalify-2.0.1.tgz",
      "integrity": "sha512-gptHNQghINnc/vTGIk0SOFGFNXw7JVrlRUtConJRlvaw6DuX0wO5Jeko9sWrMBhh+PsYAZ7oXAiOnf/UKogyiw==",
      "license": "MIT",
      "engines": {
        "node": ">= 10.0.0"
      }
    }
  }
}
